# Generated by move; do not edit
# This file should be checked in.

[move]
version = 4

[pinned.testnet_stillness.MoveStdlib]
source = { git = "https://github.com/MystenLabs/sui.git", subdir = "crates/sui-framework/packages/move-stdlib", rev = "868c226359ef914f1f3b080518f27eb13d8967f5" }
use_environment = "testnet_stillness"
manifest_digest = "C4FE4C91DE74CBF223B2E380AE40F592177D21870DC2D7EB6227D2D694E05363"
deps = {}

[pinned.testnet_stillness.Sui]
source = { git = "https://github.com/MystenLabs/sui.git", subdir = "crates/sui-framework/packages/sui-framework", rev = "868c226359ef914f1f3b080518f27eb13d8967f5" }
use_environment = "testnet_stillness"
manifest_digest = "38D8855849DF7CA0FAD3B9510DD9EC3755149F5B283E45CA6547194ADFF90D73"
deps = { MoveStdlib = "MoveStdlib" }

[pinned.testnet_stillness.tribe]
source = { root = true }
use_environment = "testnet_stillness"
manifest_digest = "E19B356E0270E972BD101187D69098CE512AD91BCDE1ED7C33B2067791CAC1D1"
deps = { std = "MoveStdlib", sui = "Sui", world = "world" }

[pinned.testnet_stillness.world]
source = { git = "https://github.com/evefrontier/world-contracts.git", subdir = "contracts/world", rev = "f761a7f61abc770f0ef802d1fba626ed6c48a216" }
use_environment = "testnet_stillness"
manifest_digest = "16363423CD37589C5B9A56E3F9E984FED988276E0134635135B45CB4480A9484"
deps = { std = "MoveStdlib", sui = "Sui" }
